<?xml version="1.0" encoding="utf-8"?>
<Project ToolsVersion="4.0" xmlns="http://schemas.microsoft.com/developer/msbuild/2003">
  <ItemGroup>
    <Filter Include="Source Files">
      <UniqueIdentifier>{4FC737F1-C7A5-4376-A066-2A32D752A2FF}</UniqueIdentifier>
      <Extensions>cpp;c;cc;cxx;c++;cppm;ixx;def;odl;idl;hpj;bat;asm;asmx</Extensions>
    </Filter>
    <Filter Include="Header Files">
      <UniqueIdentifier>{93995380-89BD-4b04-88EB-625FBE52EBFB}</UniqueIdentifier>
      <Extensions>h;hh;hpp;hxx;h++;hm;inl;inc;ipp;xsd</Extensions>
    </Filter>
    <Filter Include="Resource Files">
      <UniqueIdentifier>{67DA6AB6-F800-4c08-8B7A-83BB121AAD01}</UniqueIdentifier>
      <Extensions>rc;ico;cur;bmp;dlg;rc2;rct;bin;rgs;gif;jpg;jpeg;jpe;resx;tiff;tif;png;wav;mfcribbon-ms</Extensions>
    </Filter>
    <Filter Include="Source Files\game">
      <UniqueIdentifier>{4d1a8d93-a9b5-4916-998c-a89bf0c05b85}</UniqueIdentifier>
    </Filter>
    <Filter Include="Header Files\game">
      <UniqueIdentifier>{44d7bdf2-759c-4209-96ee-0991bcca5f28}</UniqueIdentifier>
    </Filter>
    <Filter Include="Header Files\glapi">
      <UniqueIdentifier>{46a07126-f0c5-4a43-a89c-4462f2026a58}</UniqueIdentifier>
    </Filter>
    <Filter Include="Source Files\glapi">
      <UniqueIdentifier>{cd166132-a84e-43fd-95cf-f93744e8b4af}</UniqueIdentifier>
    </Filter>
  </ItemGroup>
  <ItemGroup>
    <ClCompile Include="src\main.cpp">
      <Filter>Source Files</Filter>
    </ClCompile>
    <ClCompile Include="src\game\Game.cpp">
      <Filter>Source Files\game</Filter>
    </ClCompile>
    <ClCompile Include="src\game\Scene.cpp">
      <Filter>Source Files\game</Filter>
    </ClCompile>
    <ClCompile Include="src\glapi\Window.cpp">
      <Filter>Source Files\glapi</Filter>
    </ClCompile>
    <ClCompile Include="src\glapi\GLApi.cpp">
      <Filter>Source Files\glapi</Filter>
    </ClCompile>
    <ClCompile Include="src\glapi\glad.c">
      <Filter>Source Files\glapi</Filter>
    </ClCompile>
    <ClCompile Include="src\glapi\Drawable.cpp">
      <Filter>Source Files\glapi</Filter>
    </ClCompile>
    <ClCompile Include="src\glapi\VertexArrayObject.cpp">
      <Filter>Source Files\glapi</Filter>
    </ClCompile>
    <ClCompile Include="src\glapi\VertexBufferObject.cpp">
      <Filter>Source Files\glapi</Filter>
    </ClCompile>
    <ClCompile Include="src\glapi\Renderer.cpp">
      <Filter>Source Files\glapi</Filter>
    </ClCompile>
    <ClCompile Include="src\glapi\ElementBufferObject.cpp">
      <Filter>Source Files\glapi</Filter>
    </ClCompile>
    <ClCompile Include="src\glapi\Shader.cpp">
      <Filter>Source Files\glapi</Filter>
    </ClCompile>
    <ClCompile Include="src\glapi\stb_image.cpp">
      <Filter>Source Files\glapi</Filter>
    </ClCompile>
    <ClCompile Include="src\glapi\Mesh.cpp">
      <Filter>Source Files\glapi</Filter>
    </ClCompile>
    <ClCompile Include="src\glapi\Model.cpp">
      <Filter>Source Files\glapi</Filter>
    </ClCompile>
    <ClCompile Include="src\glapi\Texture.cpp">
      <Filter>Source Files\glapi</Filter>
    </ClCompile>
  </ItemGroup>
  <ItemGroup>
    <ClInclude Include="inc\game\Game.h">
      <Filter>Header Files\game</Filter>
    </ClInclude>
    <ClInclude Include="inc\game\Scene.h">
      <Filter>Header Files\game</Filter>
    </ClInclude>
    <ClInclude Include="inc\glapi\GLApi.h">
      <Filter>Header Files\glapi</Filter>
    </ClInclude>
    <ClInclude Include="inc\glapi\Window.h">
      <Filter>Header Files\glapi</Filter>
    </ClInclude>
    <ClInclude Include="inc\glapi\Drawable.h">
      <Filter>Header Files\glapi</Filter>
    </ClInclude>
    <ClInclude Include="inc\glapi\VertexArrayObject.h">
      <Filter>Header Files\glapi</Filter>
    </ClInclude>
    <ClInclude Include="inc\glapi\VertexBufferObject.h">
      <Filter>Header Files\glapi</Filter>
    </ClInclude>
    <ClInclude Include="inc\glapi\VertexBufferLayout.h">
      <Filter>Header Files\glapi</Filter>
    </ClInclude>
    <ClInclude Include="inc\glapi\Mesh.h">
      <Filter>Header Files\glapi</Filter>
    </ClInclude>
    <ClInclude Include="inc\glapi\Model.h">
      <Filter>Header Files\glapi</Filter>
    </ClInclude>
    <ClInclude Include="inc\glapi\Renderer.h">
      <Filter>Header Files\glapi</Filter>
    </ClInclude>
    <ClInclude Include="inc\glapi\ElementBufferObject.h">
      <Filter>Header Files\glapi</Filter>
    </ClInclude>
    <ClInclude Include="inc\glapi\Shader.h">
      <Filter>Header Files\glapi</Filter>
    </ClInclude>
    <ClInclude Include="inc\glapi\stb_image.h">
      <Filter>Header Files\glapi</Filter>
    </ClInclude>
    <ClInclude Include="inc\glapi\Texture.h">
      <Filter>Header Files\glapi</Filter>
    </ClInclude>
  </ItemGroup>
  <ItemGroup>
    <None Include="fragmenShader.fs">
      <Filter>Source Files</Filter>
    </None>
    <None Include="vertexShader.vs">
      <Filter>Source Files</Filter>
    </None>
  </ItemGroup>
</Project>